
Microsoft Visual Studio Solution File, Format Version 12.00
# Visual Studio 2013
VisualStudioVersion = 12.0.40629.0
MinimumVisualStudioVersion = 10.0.40219.1
Project("{FAE04EC0-301F-11D3-BF4B-00C04F79EFBC}") = "ClockCheckerMaster", "ClockCheckerMaster\ClockCheckerMaster.csproj", "{0097560F-8ABD-46E5-AD8B-EAB1D593F16A}"
EndProject
Project("{FAE04EC0-301F-11D3-BF4B-00C04F79EFBC}") = "Messages", "Messages\Messages.csproj", "{78FCFDD1-C9AE-4BF9-9E0E-5AA514DF7EFF}"
EndProject
Project("{FAE04EC0-301F-11D3-BF4B-00C04F79EFBC}") = "Common", "Common\Common.csproj", "{0E671DA6-C688-443C-B43F-0CCEECA6302A}"
EndProject
Project("{FAE04EC0-301F-11D3-BF4B-00C04F79EFBC}") = "ClockCheckerSlave", "ClockCheckerSlave\ClockCheckerSlave.csproj", "{2F2A7B44-FF2A-4379-9CC9-F9B2E674A2BB}"
EndProject
Global
	GlobalSection(SolutionConfigurationPlatforms) = preSolution
		Debug|Any CPU = Debug|Any CPU
		Release|Any CPU = Release|Any CPU
	EndGlobalSection
	GlobalSection(ProjectConfigurationPlatforms) = postSolution
		{0097560F-8ABD-46E5-AD8B-EAB1D593F16A}.Debug|Any CPU.ActiveCfg = Debug|Any CPU
		{0097560F-8ABD-46E5-AD8B-EAB1D593F16A}.Debug|Any CPU.Build.0 = Debug|Any CPU
		{0097560F-8ABD-46E5-AD8B-EAB1D593F16A}.Release|Any CPU.ActiveCfg = Release|Any CPU
		{0097560F-8ABD-46E5-AD8B-EAB1D593F16A}.Release|Any CPU.Build.0 = Release|Any CPU
		{78FCFDD1-C9AE-4BF9-9E0E-5AA514DF7EFF}.Debug|Any CPU.ActiveCfg = Debug|Any CPU
		{78FCFDD1-C9AE-4BF9-9E0E-5AA514DF7EFF}.Debug|Any CPU.Build.0 = Debug|Any CPU
		{78FCFDD1-C9AE-4BF9-9E0E-5AA514DF7EFF}.Release|Any CPU.ActiveCfg = Release|Any CPU
		{78FCFDD1-C9AE-4BF9-9E0E-5AA514DF7EFF}.Release|Any CPU.Build.0 = Release|Any CPU
		{0E671DA6-C688-443C-B43F-0CCEECA6302A}.Debug|Any CPU.ActiveCfg = Debug|Any CPU
		{0E671DA6-C688-443C-B43F-0CCEECA6302A}.Debug|Any CPU.Build.0 = Debug|Any CPU
		{0E671DA6-C688-443C-B43F-0CCEECA6302A}.Release|Any CPU.ActiveCfg = Release|Any CPU
		{0E671DA6-C688-443C-B43F-0CCEECA6302A}.Release|Any CPU.Build.0 = Release|Any CPU
		{2F2A7B44-FF2A-4379-9CC9-F9B2E674A2BB}.Debug|Any CPU.ActiveCfg = Debug|Any CPU
		{2F2A7B44-FF2A-4379-9CC9-F9B2E674A2BB}.Debug|Any CPU.Build.0 = Debug|Any CPU
		{2F2A7B44-FF2A-4379-9CC9-F9B2E674A2BB}.Release|Any CPU.ActiveCfg = Release|Any CPU
		{2F2A7B44-FF2A-4379-9CC9-F9B2E674A2BB}.Release|Any CPU.Build.0 = Release|Any CPU
	EndGlobalSection
	GlobalSection(SolutionProperties) = preSolution
		HideSolutionNode = FALSE
	EndGlobalSection
EndGlobal
